// !$*UTF8*$!
{
	archiveVersion = 1;
	classes = {
	};
	objectVersion = 77;
	objects = {

/* Begin PBXBuildFile section */
		E97DB0172FCA053F008C2256 /* LifeTrackerCore in Frameworks */ = {isa = PBXBuildFile; productRef = E97DB0162FCA053F008C2256 /* LifeTrackerCore */; };
		E9B90F902FCA0BBA003E44F1 /* WidgetKit.framework in Frameworks */ = {isa = PBXBuildFile; fileRef = E9B90F8F2FCA0BBA003E44F1 /* WidgetKit.framework */; };
		E9B90F922FCA0BBA003E44F1 /* SwiftUI.framework in Frameworks */ = {isa = PBXBuildFile; fileRef = E9B90F912FCA0BBA003E44F1 /* SwiftUI.framework */; };
		E9B90FA32FCA0BBB003E44F1 /* Tempo WidgetExtension.appex in Embed Foundation Extensions */ = {isa = PBXBuildFile; fileRef = E9B90F8D2FCA0BBA003E44F1 /* Tempo WidgetExtension.appex */; settings = {ATTRIBUTES = (RemoveHeadersOnCopy, ); }; };
		E9C00A012FCB100A008C2256 /* LifeTrackerCore in Frameworks */ = {isa = PBXBuildFile; productRef = E9C00A022FCB100A008C2256 /* LifeTrackerCore */; };
		E9C00A032FCB100A008C2256 /* LifeTrackerCore in Frameworks */ = {isa = PBXBuildFile; productRef = E9C00A042FCB100A008C2256 /* LifeTrackerCore */; };
/* End PBXBuildFile section */

/* Begin PBXContainerItemProxy section */
		E9B90FA12FCA0BBB003E44F1 /* PBXContainerItemProxy */ = {
			isa = PBXContainerItemProxy;
			containerPortal = E97DAFFD2FC8CA73008C2256 /* Project object */;
			proxyType = 1;
			remoteGlobalIDString = E9B90F8C2FCA0BBA003E44F1;
			remoteInfo = "Tempo WidgetExtension";
		};
		E9B911592FCF4139003E44F1 /* PBXContainerItemProxy */ = {
			isa = PBXContainerItemProxy;
			containerPortal = E97DAFFD2FC8CA73008C2256 /* Project object */;
			proxyType = 1;
			remoteGlobalIDString = E97DB0042FC8CA73008C2256;
			remoteInfo = Tempo;
		};
/* End PBXContainerItemProxy section */

/* Begin PBXCopyFilesBuildPhase section */
		E9B90FA82FCA0BBB003E44F1 /* Embed Foundation Extensions */ = {
			isa = PBXCopyFilesBuildPhase;
			buildActionMask = 2147483647;
			dstPath = "";
			dstSubfolderSpec = 13;
			files = (
				E9B90FA32FCA0BBB003E44F1 /* Tempo WidgetExtension.appex in Embed Foundation Extensions */,
			);
			name = "Embed Foundation Extensions";
			runOnlyForDeploymentPostprocessing = 0;
		};
/* End PBXCopyFilesBuildPhase section */

/* Begin PBXFileReference section */
		E97DB0052FC8CA73008C2256 /* Tempo.app */ = {isa = PBXFileReference; explicitFileType = wrapper.application; includeInIndex = 0; path = Tempo.app; sourceTree = BUILT_PRODUCTS_DIR; };
		E9B90F7E2FCA08FB003E44F1 /* Tempo Watch App Watch App.app */ = {isa = PBXFileReference; explicitFileType = wrapper.application; includeInIndex = 0; path = "Tempo Watch App Watch App.app"; sourceTree = BUILT_PRODUCTS_DIR; };
		E9B90F8D2FCA0BBA003E44F1 /* Tempo WidgetExtension.appex */ = {isa = PBXFileReference; explicitFileType = "wrapper.app-extension"; includeInIndex = 0; path = "Tempo WidgetExtension.appex"; sourceTree = BUILT_PRODUCTS_DIR; };
		E9B90F8F2FCA0BBA003E44F1 /* WidgetKit.framework */ = {isa = PBXFileReference; lastKnownFileType = wrapper.framework; name = WidgetKit.framework; path = System/Library/Frameworks/WidgetKit.framework; sourceTree = SDKROOT; };
		E9B90F912FCA0BBA003E44F1 /* SwiftUI.framework */ = {isa = PBXFileReference; lastKnownFileType = wrapper.framework; name = SwiftUI.framework; path = System/Library/Frameworks/SwiftUI.framework; sourceTree = SDKROOT; };
		E9B90FAA2FCA13A6003E44F1 /* Tempo Watch App Watch App.entitlements */ = {isa = PBXFileReference; lastKnownFileType = text.plist.entitlements; path = "Tempo Watch App Watch App.entitlements"; sourceTree = "<group>"; };
		E9B90FAB2FCA13DA003E44F1 /* Tempo WidgetExtension.entitlements */ = {isa = PBXFileReference; lastKnownFileType = text.plist.entitlements; path = "Tempo WidgetExtension.entitlements"; sourceTree = "<group>"; };
		E9B911552FCF4139003E44F1 /* TempoTests.xctest */ = {isa = PBXFileReference; explicitFileType = wrapper.cfbundle; includeInIndex = 0; path = TempoTests.xctest; sourceTree = BUILT_PRODUCTS_DIR; };
/* End PBXFileReference section */

/* Begin PBXFileSystemSynchronizedBuildFileExceptionSet section */
		E9B90FA42FCA0BBB003E44F1 /* Exceptions for "Tempo Widget" folder in "Tempo WidgetExtension" target */ = {
			isa = PBXFileSystemSynchronizedBuildFileExceptionSet;
			membershipExceptions = (
				Info.plist,
			);
			target = E9B90F8C2FCA0BBA003E44F1 /* Tempo WidgetExtension */;
		};
/* End PBXFileSystemSynchronizedBuildFileExceptionSet section */

/* Begin PBXFileSystemSynchronizedRootGroup section */
		E97DB0072FC8CA73008C2256 /* Tempo */ = {
			isa = PBXFileSystemSynchronizedRootGroup;
			path = Tempo;
			sourceTree = "<group>";
		};
		E9B90F7F2FCA08FB003E44F1 /* Tempo Watch App */ = {
			isa = PBXFileSystemSynchronizedRootGroup;
			path = "Tempo Watch App";
			sourceTree = "<group>";
		};
		E9B90F932FCA0BBA003E44F1 /* Tempo Widget */ = {
			isa = PBXFileSystemSynchronizedRootGroup;
			exceptions = (
				E9B90FA42FCA0BBB003E44F1 /* Exceptions for "Tempo Widget" folder in "Tempo WidgetExtension" target */,
			);
			path = "Tempo Widget";
			sourceTree = "<group>";
		};
		E9B911562FCF4139003E44F1 /* TempoTests */ = {
			isa = PBXFileSystemSynchronizedRootGroup;
			path = TempoTests;
			sourceTree = "<group>";
		};
/* End PBXFileSystemSynchronizedRootGroup section */

/* Begin PBXFrameworksBuildPhase section */
		E97DB0022FC8CA73008C2256 /* Frameworks */ = {
			isa = PBXFrameworksBuildPhase;
			buildActionMask = 2147483647;
			files = (
				E97DB0172FCA053F008C2256 /* LifeTrackerCore in Frameworks */,
			);
			runOnlyForDeploymentPostprocessing = 0;
		};
		E9B90F7B2FCA08FB003E44F1 /* Frameworks */ = {
			isa = PBXFrameworksBuildPhase;
			buildActionMask = 2147483647;
			files = (
				E9C00A012FCB100A008C2256 /* LifeTrackerCore in Frameworks */,
			);
			runOnlyForDeploymentPostprocessing = 0;
		};
		E9B90F8A2FCA0BBA003E44F1 /* Frameworks */ = {
			isa = PBXFrameworksBuildPhase;
			buildActionMask = 2147483647;
			files = (
				E9B90F922FCA0BBA003E44F1 /* SwiftUI.framework in Frameworks */,
				E9B90F902FCA0BBA003E44F1 /* WidgetKit.framework in Frameworks */,
				E9C00A032FCB100A008C2256 /* LifeTrackerCore in Frameworks */,
			);
			runOnlyForDeploymentPostprocessing = 0;
		};
		E9B911522FCF4139003E44F1 /* Frameworks */ = {
			isa = PBXFrameworksBuildPhase;
			buildActionMask = 2147483647;
			files = (
			);
			runOnlyForDeploymentPostprocessing = 0;
		};
/* End PBXFrameworksBuildPhase section */

/* Begin PBXGroup section */
		E97DAFFC2FC8CA73008C2256 = {
			isa = PBXGroup;
			children = (
				E9B90FAB2FCA13DA003E44F1 /* Tempo WidgetExtension.entitlements */,
				E9B90FAA2FCA13A6003E44F1 /* Tempo Watch App Watch App.entitlements */,
				E97DB0072FC8CA73008C2256 /* Tempo */,
				E9B90F7F2FCA08FB003E44F1 /* Tempo Watch App */,
				E9B90F932FCA0BBA003E44F1 /* Tempo Widget */,
				E9B911562FCF4139003E44F1 /* TempoTests */,
				E9B90F8E2FCA0BBA003E44F1 /* Frameworks */,
				E97DB0062FC8CA73008C2256 /* Products */,
			);
			sourceTree = "<group>";
		};
		E97DB0062FC8CA73008C2256 /* Products */ = {
			isa = PBXGroup;
			children = (
				E97DB0052FC8CA73008C2256 /* Tempo.app */,
				E9B90F7E2FCA08FB003E44F1 /* Tempo Watch App Watch App.app */,
				E9B90F8D2FCA0BBA003E44F1 /* Tempo WidgetExtension.appex */,
				E9B911552FCF4139003E44F1 /* TempoTests.xctest */,
			);
			name = Products;
			sourceTree = "<group>";
		};
		E9B90F8E2FCA0BBA003E44F1 /* Frameworks */ = {
			isa = PBXGroup;
			children = (
				E9B90F8F2FCA0BBA003E44F1 /* WidgetKit.framework */,
				E9B90F912FCA0BBA003E44F1 /* SwiftUI.framework */,
			);
			name = Frameworks;
			sourceTree = "<group>";
		};
/* End PBXGroup section */

/* Begin PBXNativeTarget section */
		E97DB0042FC8CA73008C2256 /* Tempo */ = {
			isa = PBXNativeTarget;
			buildConfigurationList = E97DB0122FC8CA74008C2256 /* Build configuration list for PBXNativeTarget "Tempo" */;
			buildPhases = (
				E97DB0012FC8CA73008C2256 /* Sources */,
				E97DB0022FC8CA73008C2256 /* Frameworks */,
				E97DB0032FC8CA73008C2256 /* Resources */,
				E9B90FA82FCA0BBB003E44F1 /* Embed Foundation Extensions */,
			);
			buildRules = (
			);
			dependencies = (
				E9B90FA22FCA0BBB003E44F1 /* PBXTargetDependency */,
			);
			fileSystemSynchronizedGroups = (
				E97DB0072FC8CA73008C2256 /* Tempo */,
			);
			name = Tempo;
			packageProductDependencies = (
				E97DB0162FCA053F008C2256 /* LifeTrackerCore */,
			);
			productName = Tempo;
			productReference = E97DB0052FC8CA73008C2256 /* Tempo.app */;
			productType = "com.apple.product-type.application";
		};
		E9B90F7D2FCA08FB003E44F1 /* Tempo Watch App Watch App */ = {
			isa = PBXNativeTarget;
			buildConfigurationList = E9B90F882FCA08FC003E44F1 /* Build configuration list for PBXNativeTarget "Tempo Watch App Watch App" */;
			buildPhases = (
				E9B90F7A2FCA08FB003E44F1 /* Sources */,
				E9B90F7B2FCA08FB003E44F1 /* Frameworks */,
				E9B90F7C2FCA08FB003E44F1 /* Resources */,
			);
			buildRules = (
			);
			dependencies = (
			);
			fileSystemSynchronizedGroups = (
				E9B90F7F2FCA08FB003E44F1 /* Tempo Watch App */,
			);
			name = "Tempo Watch App Watch App";
			packageProductDependencies = (
				E9C00A022FCB100A008C2256 /* LifeTrackerCore */,
			);
			productName = "Tempo Watch App Watch App";
			productReference = E9B90F7E2FCA08FB003E44F1 /* Tempo Watch App Watch App.app */;
			productType = "com.apple.product-type.application";
		};
		E9B90F8C2FCA0BBA003E44F1 /* Tempo WidgetExtension */ = {
			isa = PBXNativeTarget;
			buildConfigurationList = E9B90FA52FCA0BBB003E44F1 /* Build configuration list for PBXNativeTarget "Tempo WidgetExtension" */;
			buildPhases = (
				E9B90F892FCA0BBA003E44F1 /* Sources */,
				E9B90F8A2FCA0BBA003E44F1 /* Frameworks */,
				E9B90F8B2FCA0BBA003E44F1 /* Resources */,
			);
			buildRules = (
			);
			dependencies = (
			);
			fileSystemSynchronizedGroups = (
				E9B90F932FCA0BBA003E44F1 /* Tempo Widget */,
			);
			name = "Tempo WidgetExtension";
			packageProductDependencies = (
				E9C00A042FCB100A008C2256 /* LifeTrackerCore */,
			);
			productName = "Tempo WidgetExtension";
			productReference = E9B90F8D2FCA0BBA003E44F1 /* Tempo WidgetExtension.appex */;
			productType = "com.apple.product-type.app-extension";
		};
		E9B911542FCF4139003E44F1 /* TempoTests */ = {
			isa = PBXNativeTarget;
			buildConfigurationList = E9B9115D2FCF4139003E44F1 /* Build configuration list for PBXNativeTarget "TempoTests" */;
			buildPhases = (
				E9B911512FCF4139003E44F1 /* Sources */,
				E9B911522FCF4139003E44F1 /* Frameworks */,
				E9B911532FCF4139003E44F1 /* Resources */,
			);
			buildRules = (
			);
			dependencies = (
				E9B9115A2FCF4139003E44F1 /* PBXTargetDependency */,
			);
			fileSystemSynchronizedGroups = (
				E9B911562FCF4139003E44F1 /* TempoTests */,
			);
			name = TempoTests;
			packageProductDependencies = (
			);
			productName = TempoTests;
			productReference = E9B911552FCF4139003E44F1 /* TempoTests.xctest */;
			productType = "com.apple.product-type.bundle.unit-test";
		};
/* End PBXNativeTarget section */

/* Begin PBXProject section */
		E97DAFFD2FC8CA73008C2256 /* Project object */ = {
			isa = PBXProject;
			attributes = {
				BuildIndependentTargetsInParallel = 1;
				LastSwiftUpdateCheck = 2650;
				LastUpgradeCheck = 2650;
				TargetAttributes = {
					E97DB0042FC8CA73008C2256 = {
						CreatedOnToolsVersion = 26.5;
					};
					E9B90F7D2FCA08FB003E44F1 = {
						CreatedOnToolsVersion = 26.5;
					};
					E9B90F8C2FCA0BBA003E44F1 = {
						CreatedOnToolsVersion = 26.5;
					};
					E9B911542FCF4139003E44F1 = {
						CreatedOnToolsVersion = 26.5;
						TestTargetID = E97DB0042FC8CA73008C2256;
					};
				};
			};
			buildConfigurationList = E97DB0002FC8CA73008C2256 /* Build configuration list for PBXProject "Tempo" */;
			developmentRegion = en;
			hasScannedForEncodings = 0;
			knownRegions = (
				en,
				Base,
			);
			mainGroup = E97DAFFC2FC8CA73008C2256;
			minimizedProjectReferenceProxies = 1;
			packageReferences = (
				E97DB0152FCA053F008C2256 /* XCLocalSwiftPackageReference "LifeTrackerCore" */,
			);
			preferredProjectObjectVersion = 77;
			productRefGroup = E97DB0062FC8CA73008C2256 /* Products */;
			projectDirPath = "";
			projectRoot = "";
			targets = (
				E97DB0042FC8CA73008C2256 /* Tempo */,
				E9B90F7D2FCA08FB003E44F1 /* Tempo Watch App Watch App */,
				E9B90F8C2FCA0BBA003E44F1 /* Tempo WidgetExtension */,
				E9B911542FCF4139003E44F1 /* TempoTests */,
			);
		};
/* End PBXProject section */

/* Begin PBXResourcesBuildPhase section */
		E97DB0032FC8CA73008C2256 /* Resources */ = {
			isa = PBXResourcesBuildPhase;
			buildActionMask = 2147483647;
			files = (
			);
			runOnlyForDeploymentPostprocessing = 0;
		};
		E9B90F7C2FCA08FB003E44F1 /* Resources */ = {
			isa = PBXResourcesBuildPhase;
			buildActionMask = 2147483647;
			files = (
			);
			runOnlyForDeploymentPostprocessing = 0;
		};
		E9B90F8B2FCA0BBA003E44F1 /* Resources */ = {
			isa = PBXResourcesBuildPhase;
			buildActionMask = 2147483647;
			files = (
			);
			runOnlyForDeploymentPostprocessing = 0;
		};
		E9B911532FCF4139003E44F1 /* Resources */ = {
			isa = PBXResourcesBuildPhase;
			buildActionMask = 2147483647;
			files = (
			);
			runOnlyForDeploymentPostprocessing = 0;
		};
/* End PBXResourcesBuildPhase section */

/* Begin PBXSourcesBuildPhase section */
		E97DB0012FC8CA73008C2256 /* Sources */ = {
			isa = PBXSourcesBuildPhase;
			buildActionMask = 2147483647;
			files = (
			);
			runOnlyForDeploymentPostprocessing = 0;
		};
		E9B90F7A2FCA08FB003E44F1 /* Sources */ = {
			isa = PBXSourcesBuildPhase;
			buildActionMask = 2147483647;
			files = (
			);
			runOnlyForDeploymentPostprocessing = 0;
		};
		E9B90F892FCA0BBA003E44F1 /* Sources */ = {
			isa = PBXSourcesBuildPhase;
			buildActionMask = 2147483647;
			files = (
			);
			runOnlyForDeploymentPostprocessing = 0;
		};
		E9B911512FCF4139003E44F1 /* Sources */ = {
			isa = PBXSourcesBuildPhase;
			buildActionMask = 2147483647;
			files = (
			);
			runOnlyForDeploymentPostprocessing = 0;
		};
/* End PBXSourcesBuildPhase section */

/* Begin PBXTargetDependency section */
		E9B90FA22FCA0BBB003E44F1 /* PBXTargetDependency */ = {
			isa = PBXTargetDependency;
			target = E9B90F8C2FCA0BBA003E44F1 /* Tempo WidgetExtension */;
			targetProxy = E9B90FA12FCA0BBB003E44F1 /* PBXContainerItemProxy */;
		};
		E9B9115A2FCF4139003E44F1 /* PBXTargetDependency */ = {
			isa = PBXTargetDependency;
			target = E97DB0042FC8CA73008C2256 /* Tempo */;
			targetProxy = E9B911592FCF4139003E44F1 /* PBXContainerItemProxy */;
		};
/* End PBXTargetDependency section */

/* Begin XCBuildConfiguration section */
		E97DB0102FC8CA74008C2256 /* Debug */ = {
			isa = XCBuildConfiguration;
			buildSettings = {
				ALWAYS_SEARCH_USER_PATHS = NO;
				ASSETCATALOG_COMPILER_GENERATE_SWIFT_ASSET_SYMBOL_EXTENSIONS = YES;
				CLANG_ANALYZER_NONNULL = YES;
				CLANG_ANALYZER_NUMBER_OBJECT_CONVERSION = YES_AGGRESSIVE;
				CLANG_CXX_LANGUAGE_STANDARD = "gnu++20";
				CLANG_ENABLE_MODULES = YES;
				CLANG_ENABLE_OBJC_ARC = YES;
				CLANG_ENABLE_OBJC_WEAK = YES;
				CLANG_WARN_BLOCK_CAPTURE_AUTORELEASING = YES;
				CLANG_WARN_BOOL_CONVERSION = YES;
				CLANG_WARN_COMMA = YES;
				CLANG_WARN_CONSTANT_CONVERSION = YES;
				CLANG_WARN_DEPRECATED_OBJC_IMPLEMENTATIONS = YES;
				CLANG_WARN_DIRECT_OBJC_ISA_USAGE = YES_ERROR;
				CLANG_WARN_DOCUMENTATION_COMMENTS = YES;
				CLANG_WARN_EMPTY_BODY = YES;
				CLANG_WARN_ENUM_CONVERSION = YES;
				CLANG_WARN_INFINITE_RECURSION = YES;
				CLANG_WARN_INT_CONVERSION = YES;
				CLANG_WARN_NON_LITERAL_NULL_CONVERSION = YES;
				CLANG_WARN_OBJC_IMPLICIT_RETAIN_SELF = YES;
				CLANG_WARN_OBJC_LITERAL_CONVERSION = YES;
				CLANG_WARN_OBJC_ROOT_CLASS = YES_ERROR;
				CLANG_WARN_QUOTED_INCLUDE_IN_FRAMEWORK_HEADER = YES;
				CLANG_WARN_RANGE_LOOP_ANALYSIS = YES;
				CLANG_WARN_STRICT_PROTOTYPES = YES;
				CLANG_WARN_SUSPICIOUS_MOVE = YES;
				CLANG_WARN_UNGUARDED_AVAILABILITY = YES_AGGRESSIVE;
				CLANG_WARN_UNREACHABLE_CODE = YES;
				CLANG_WARN__DUPLICATE_METHOD_MATCH = YES;
				COPY_PHASE_STRIP = NO;
				DEBUG_INFORMATION_FORMAT = dwarf;
				ENABLE_STRICT_OBJC_MSGSEND = YES;
				ENABLE_TESTABILITY = YES;
				ENABLE_USER_SCRIPT_SANDBOXING = YES;
				GCC_C_LANGUAGE_STANDARD = gnu17;
				GCC_DYNAMIC_NO_PIC = NO;
				GCC_NO_COMMON_BLOCKS = YES;
				GCC_OPTIMIZATION_LEVEL = 0;
				GCC_PREPROCESSOR_DEFINITIONS = (
					"DEBUG=1",
					"$(inherited)",
				);
				GCC_WARN_64_TO_32_BIT_CONVERSION = YES;
				GCC_WARN_ABOUT_RETURN_TYPE = YES_ERROR;
				GCC_WARN_UNDECLARED_SELECTOR = YES;
				GCC_WARN_UNINITIALIZED_AUTOS = YES_AGGRESSIVE;
				GCC_WARN_UNUSED_FUNCTION = YES;
				GCC_WARN_UNUSED_VARIABLE = YES;
				IPHONEOS_DEPLOYMENT_TARGET = 26.5;
				LOCALIZATION_PREFERS_STRING_CATALOGS = YES;
				MTL_ENABLE_DEBUG_INFO = INCLUDE_SOURCE;
				MTL_FAST_MATH = YES;
				ONLY_ACTIVE_ARCH = YES;
				SDKROOT = iphoneos;
				SWIFT_ACTIVE_COMPILATION_CONDITIONS = "DEBUG $(inherited)";
				SWIFT_OPTIMIZATION_LEVEL = "-Onone";
			};
			name = Debug;
		};
		E97DB0112FC8CA74008C2256 /* Release */ = {
			isa = XCBuildConfiguration;
			buildSettings = {
				ALWAYS_SEARCH_USER_PATHS = NO;
				ASSETCATALOG_COMPILER_GENERATE_SWIFT_ASSET_SYMBOL_EXTENSIONS = YES;
				CLANG_ANALYZER_NONNULL = YES;
				CLANG_ANALYZER_NUMBER_OBJECT_CONVERSION = YES_AGGRESSIVE;
				CLANG_CXX_LANGUAGE_STANDARD = "gnu++20";
				CLANG_ENABLE_MODULES = YES;
				CLANG_ENABLE_OBJC_ARC = YES;
				CLANG_ENABLE_OBJC_WEAK = YES;
				CLANG_WARN_BLOCK_CAPTURE_AUTORELEASING = YES;
				CLANG_WARN_BOOL_CONVERSION = YES;
				CLANG_WARN_COMMA = YES;
				CLANG_WARN_CONSTANT_CONVERSION = YES;
				CLANG_WARN_DEPRECATED_OBJC_IMPLEMENTATIONS = YES;
				CLANG_WARN_DIRECT_OBJC_ISA_USAGE = YES_ERROR;
				CLANG_WARN_DOCUMENTATION_COMMENTS = YES;
				CLANG_WARN_EMPTY_BODY = YES;
				CLANG_WARN_ENUM_CONVERSION = YES;
				CLANG_WARN_INFINITE_RECURSION = YES;
				CLANG_WARN_INT_CONVERSION = YES;
				CLANG_WARN_NON_LITERAL_NULL_CONVERSION = YES;
				CLANG_WARN_OBJC_IMPLICIT_RETAIN_SELF = YES;
				CLANG_WARN_OBJC_LITERAL_CONVERSION = YES;
				CLANG_WARN_OBJC_ROOT_CLASS = YES_ERROR;
				CLANG_WARN_QUOTED_INCLUDE_IN_FRAMEWORK_HEADER = YES;
				CLANG_WARN_RANGE_LOOP_ANALYSIS = YES;
				CLANG_WARN_STRICT_PROTOTYPES = YES;
				CLANG_WARN_SUSPICIOUS_MOVE = YES;
				CLANG_WARN_UNGUARDED_AVAILABILITY = YES_AGGRESSIVE;
				CLANG_WARN_UNREACHABLE_CODE = YES;
				CLANG_WARN__DUPLICATE_METHOD_MATCH = YES;
				COPY_PHASE_STRIP = NO;
				DEBUG_INFORMATION_FORMAT = "dwarf-with-dsym";
				ENABLE_NS_ASSERTIONS = NO;
				ENABLE_STRICT_OBJC_MSGSEND = YES;
				ENABLE_USER_SCRIPT_SANDBOXING = YES;
				GCC_C_LANGUAGE_STANDARD = gnu17;
				GCC_NO_COMMON_BLOCKS = YES;
				GCC_WARN_64_TO_32_BIT_CONVERSION = YES;
				GCC_WARN_ABOUT_RETURN_TYPE = YES_ERROR;
				GCC_WARN_UNDECLARED_SELECTOR = YES;
				GCC_WARN_UNINITIALIZED_AUTOS = YES_AGGRESSIVE;
				GCC_WARN_UNUSED_FUNCTION = YES;
				GCC_WARN_UNUSED_VARIABLE = YES;
				IPHONEOS_DEPLOYMENT_TARGET = 26.5;
				LOCALIZATION_PREFERS_STRING_CATALOGS = YES;
				MTL_ENABLE_DEBUG_INFO = NO;
				MTL_FAST_MATH = YES;
				SDKROOT = iphoneos;
				SWIFT_COMPILATION_MODE = wholemodule;
				VALIDATE_PRODUCT = YES;
			};
			name = Release;
		};
		E97DB0132FC8CA74008C2256 /* Debug */ = {
			isa = XCBuildConfiguration;
			buildSettings = {
				ASSETCATALOG_COMPILER_APPICON_NAME = AppIcon;
				ASSETCATALOG_COMPILER_GLOBAL_ACCENT_COLOR_NAME = AccentColor;
				CODE_SIGN_ENTITLEMENTS = Tempo/Tempo.entitlements;
				CODE_SIGN_STYLE = Automatic;
				CURRENT_PROJECT_VERSION = 1;
				DEVELOPMENT_TEAM = TSD69UFN99;
				ENABLE_PREVIEWS = YES;
				GENERATE_INFOPLIST_FILE = YES;
				INFOPLIST_KEY_UIApplicationSceneManifest_Generation = YES;
				INFOPLIST_KEY_UIApplicationSupportsIndirectInputEvents = YES;
				INFOPLIST_KEY_UILaunchScreen_Generation = YES;
				INFOPLIST_KEY_UISupportedInterfaceOrientations_iPad = "UIInterfaceOrientationPortrait UIInterfaceOrientationPortraitUpsideDown UIInterfaceOrientationLandscapeLeft UIInterfaceOrientationLandscapeRight";
				INFOPLIST_KEY_UISupportedInterfaceOrientations_iPhone = "UIInterfaceOrientationPortrait UIInterfaceOrientationLandscapeLeft UIInterfaceOrientationLandscapeRight";
				LD_RUNPATH_SEARCH_PATHS = (
					"$(inherited)",
					"@executable_path/Frameworks",
				);
				MARKETING_VERSION = 1.0;
				PRODUCT_BUNDLE_IDENTIFIER = com.charleswang.Tempo;
				PRODUCT_NAME = "$(TARGET_NAME)";
				STRING_CATALOG_GENERATE_SYMBOLS = YES;
				SWIFT_APPROACHABLE_CONCURRENCY = YES;
				SWIFT_DEFAULT_ACTOR_ISOLATION = MainActor;
				SWIFT_EMIT_LOC_STRINGS = YES;
				SWIFT_UPCOMING_FEATURE_MEMBER_IMPORT_VISIBILITY = YES;
				SWIFT_VERSION = 6.0;
				TARGETED_DEVICE_FAMILY = "1,2";
			};
			name = Debug;
		};
		E97DB0142FC8CA74008C2256 /* Release */ = {
			isa = XCBuildConfiguration;
			buildSettings = {
				ASSETCATALOG_COMPILER_APPICON_NAME = AppIcon;
				ASSETCATALOG_COMPILER_GLOBAL_ACCENT_COLOR_NAME = AccentColor;
				CODE_SIGN_ENTITLEMENTS = Tempo/Tempo.entitlements;
				CODE_SIGN_STYLE = Automatic;
				CURRENT_PROJECT_VERSION = 1;
				DEVELOPMENT_TEAM = TSD69UFN99;
				ENABLE_PREVIEWS = YES;
				GENERATE_INFOPLIST_FILE = YES;
				INFOPLIST_KEY_UIApplicationSceneManifest_Generation = YES;
				INFOPLIST_KEY_UIApplicationSupportsIndirectInputEvents = YES;
				INFOPLIST_KEY_UILaunchScreen_Generation = YES;
				INFOPLIST_KEY_UISupportedInterfaceOrientations_iPad = "UIInterfaceOrientationPortrait UIInterfaceOrientationPortraitUpsideDown UIInterfaceOrientationLandscapeLeft UIInterfaceOrientationLandscapeRight";
				INFOPLIST_KEY_UISupportedInterfaceOrientations_iPhone = "UIInterfaceOrientationPortrait UIInterfaceOrientationLandscapeLeft UIInterfaceOrientationLandscapeRight";
				LD_RUNPATH_SEARCH_PATHS = (
					"$(inherited)",
					"@executable_path/Frameworks",
				);
				MARKETING_VERSION = 1.0;
				PRODUCT_BUNDLE_IDENTIFIER = com.charleswang.Tempo;
				PRODUCT_NAME = "$(TARGET_NAME)";
				STRING_CATALOG_GENERATE_SYMBOLS = YES;
				SWIFT_APPROACHABLE_CONCURRENCY = YES;
				SWIFT_DEFAULT_ACTOR_ISOLATION = MainActor;
				SWIFT_EMIT_LOC_STRINGS = YES;
				SWIFT_UPCOMING_FEATURE_MEMBER_IMPORT_VISIBILITY = YES;
				SWIFT_VERSION = 6.0;
				TARGETED_DEVICE_FAMILY = "1,2";
			};
			name = Release;
		};
		E9B90F862FCA08FC003E44F1 /* Debug */ = {
			isa = XCBuildConfiguration;
			buildSettings = {
				ASSETCATALOG_COMPILER_APPICON_NAME = AppIcon;
				ASSETCATALOG_COMPILER_GLOBAL_ACCENT_COLOR_NAME = AccentColor;
				CODE_SIGN_ENTITLEMENTS = "Tempo Watch App Watch App.entitlements";
				CODE_SIGN_STYLE = Automatic;
				CURRENT_PROJECT_VERSION = 1;
				DEVELOPMENT_TEAM = TSD69UFN99;
				ENABLE_PREVIEWS = YES;
				GENERATE_INFOPLIST_FILE = YES;
				INFOPLIST_KEY_CFBundleDisplayName = "Tempo Watch App";
				INFOPLIST_KEY_UISupportedInterfaceOrientations = "UIInterfaceOrientationPortrait UIInterfaceOrientationPortraitUpsideDown";
				INFOPLIST_KEY_WKCompanionAppBundleIdentifier = com.charleswang.Tempo;
				LD_RUNPATH_SEARCH_PATHS = (
					"$(inherited)",
					"@executable_path/Frameworks",
				);
				MARKETING_VERSION = 1.0;
				PRODUCT_BUNDLE_IDENTIFIER = com.charleswang.Tempo.watchkitapp;
				PRODUCT_NAME = "$(TARGET_NAME)";
				SDKROOT = watchos;
				SKIP_INSTALL = YES;
				STRING_CATALOG_GENERATE_SYMBOLS = YES;
				SWIFT_APPROACHABLE_CONCURRENCY = YES;
				SWIFT_DEFAULT_ACTOR_ISOLATION = MainActor;
				SWIFT_EMIT_LOC_STRINGS = YES;
				SWIFT_UPCOMING_FEATURE_MEMBER_IMPORT_VISIBILITY = YES;
				SWIFT_VERSION = 6.0;
				TARGETED_DEVICE_FAMILY = 4;
				WATCHOS_DEPLOYMENT_TARGET = 26.5;
			};
			name = Debug;
		};
		E9B90F872FCA08FC003E44F1 /* Release */ = {
			isa = XCBuildConfiguration;
			buildSettings = {
				ASSETCATALOG_COMPILER_APPICON_NAME = AppIcon;
				ASSETCATALOG_COMPILER_GLOBAL_ACCENT_COLOR_NAME = AccentColor;
				CODE_SIGN_ENTITLEMENTS = "Tempo Watch App Watch App.entitlements";
				CODE_SIGN_STYLE = Automatic;
				CURRENT_PROJECT_VERSION = 1;
				DEVELOPMENT_TEAM = TSD69UFN99;
				ENABLE_PREVIEWS = YES;
				GENERATE_INFOPLIST_FILE = YES;
				INFOPLIST_KEY_CFBundleDisplayName = "Tempo Watch App";
				INFOPLIST_KEY_UISupportedInterfaceOrientations = "UIInterfaceOrientationPortrait UIInterfaceOrientationPortraitUpsideDown";
				INFOPLIST_KEY_WKCompanionAppBundleIdentifier = com.charleswang.Tempo;
				LD_RUNPATH_SEARCH_PATHS = (
					"$(inherited)",
					"@executable_path/Frameworks",
				);
				MARKETING_VERSION = 1.0;
				PRODUCT_BUNDLE_IDENTIFIER = com.charleswang.Tempo.watchkitapp;
				PRODUCT_NAME = "$(TARGET_NAME)";
				SDKROOT = watchos;
				SKIP_INSTALL = YES;
				STRING_CATALOG_GENERATE_SYMBOLS = YES;
				SWIFT_APPROACHABLE_CONCURRENCY = YES;
				SWIFT_DEFAULT_ACTOR_ISOLATION = MainActor;
				SWIFT_EMIT_LOC_STRINGS = YES;
				SWIFT_UPCOMING_FEATURE_MEMBER_IMPORT_VISIBILITY = YES;
				SWIFT_VERSION = 6.0;
				TARGETED_DEVICE_FAMILY = 4;
				WATCHOS_DEPLOYMENT_TARGET = 26.5;
			};
			name = Release;
		};
		E9B90FA62FCA0BBB003E44F1 /* Debug */ = {
			isa = XCBuildConfiguration;
			buildSettings = {
				ASSETCATALOG_COMPILER_GLOBAL_ACCENT_COLOR_NAME = AccentColor;
				ASSETCATALOG_COMPILER_WIDGET_BACKGROUND_COLOR_NAME = WidgetBackground;
				CODE_SIGN_ENTITLEMENTS = "Tempo WidgetExtension.entitlements";
				CODE_SIGN_STYLE = Automatic;
				CURRENT_PROJECT_VERSION = 1;
				DEVELOPMENT_TEAM = TSD69UFN99;
				GENERATE_INFOPLIST_FILE = YES;
				INFOPLIST_FILE = "Tempo Widget/Info.plist";
				INFOPLIST_KEY_CFBundleDisplayName = "Tempo Widget";
				INFOPLIST_KEY_NSHumanReadableCopyright = "";
				LD_RUNPATH_SEARCH_PATHS = (
					"$(inherited)",
					"@executable_path/Frameworks",
					"@executable_path/../../Frameworks",
				);
				MARKETING_VERSION = 1.0;
				PRODUCT_BUNDLE_IDENTIFIER = "com.charleswang.Tempo.Tempo-Widget";
				PRODUCT_NAME = "$(TARGET_NAME)";
				SKIP_INSTALL = YES;
				STRING_CATALOG_GENERATE_SYMBOLS = YES;
				SWIFT_APPROACHABLE_CONCURRENCY = YES;
				SWIFT_EMIT_LOC_STRINGS = YES;
				SWIFT_UPCOMING_FEATURE_MEMBER_IMPORT_VISIBILITY = YES;
				SWIFT_VERSION = 6.0;
				TARGETED_DEVICE_FAMILY = "1,2";
			};
			name = Debug;
		};
		E9B90FA72FCA0BBB003E44F1 /* Release */ = {
			isa = XCBuildConfiguration;
			buildSettings = {
				ASSETCATALOG_COMPILER_GLOBAL_ACCENT_COLOR_NAME = AccentColor;
				ASSETCATALOG_COMPILER_WIDGET_BACKGROUND_COLOR_NAME = WidgetBackground;
				CODE_SIGN_ENTITLEMENTS = "Tempo WidgetExtension.entitlements";
				CODE_SIGN_STYLE = Automatic;
				CURRENT_PROJECT_VERSION = 1;
				DEVELOPMENT_TEAM = TSD69UFN99;
				GENERATE_INFOPLIST_FILE = YES;
				INFOPLIST_FILE = "Tempo Widget/Info.plist";
				INFOPLIST_KEY_CFBundleDisplayName = "Tempo Widget";
				INFOPLIST_KEY_NSHumanReadableCopyright = "";
				LD_RUNPATH_SEARCH_PATHS = (
					"$(inherited)",
					"@executable_path/Frameworks",
					"@executable_path/../../Frameworks",
				);
				MARKETING_VERSION = 1.0;
				PRODUCT_BUNDLE_IDENTIFIER = "com.charleswang.Tempo.Tempo-Widget";
				PRODUCT_NAME = "$(TARGET_NAME)";
				SKIP_INSTALL = YES;
				STRING_CATALOG_GENERATE_SYMBOLS = YES;
				SWIFT_APPROACHABLE_CONCURRENCY = YES;
				SWIFT_EMIT_LOC_STRINGS = YES;
				SWIFT_UPCOMING_FEATURE_MEMBER_IMPORT_VISIBILITY = YES;
				SWIFT_VERSION = 6.0;
				TARGETED_DEVICE_FAMILY = "1,2";
			};
			name = Release;
		};
		E9B9115B2FCF4139003E44F1 /* Debug */ = {
			isa = XCBuildConfiguration;
			buildSettings = {
				BUNDLE_LOADER = "$(TEST_HOST)";
				CODE_SIGN_STYLE = Automatic;
				CURRENT_PROJECT_VERSION = 1;
				GENERATE_INFOPLIST_FILE = YES;
				MARKETING_VERSION = 1.0;
				PRODUCT_BUNDLE_IDENTIFIER = com.charleswang.Tempo.TempoTests;
				PRODUCT_NAME = "$(TARGET_NAME)";
				STRING_CATALOG_GENERATE_SYMBOLS = NO;
				SWIFT_APPROACHABLE_CONCURRENCY = YES;
				SWIFT_EMIT_LOC_STRINGS = NO;
				SWIFT_UPCOMING_FEATURE_MEMBER_IMPORT_VISIBILITY = YES;
				SWIFT_VERSION = 5.0;
				TARGETED_DEVICE_FAMILY = "1,2";
				TEST_HOST = "$(BUILT_PRODUCTS_DIR)/Tempo.app/$(BUNDLE_EXECUTABLE_FOLDER_PATH)/Tempo";
			};
			name = Debug;
		};
		E9B9115C2FCF4139003E44F1 /* Release */ = {
			isa = XCBuildConfiguration;
			buildSettings = {
				BUNDLE_LOADER = "$(TEST_HOST)";
				CODE_SIGN_STYLE = Automatic;
				CURRENT_PROJECT_VERSION = 1;
				GENERATE_INFOPLIST_FILE = YES;
				MARKETING_VERSION = 1.0;
				PRODUCT_BUNDLE_IDENTIFIER = com.charleswang.Tempo.TempoTests;
				PRODUCT_NAME = "$(TARGET_NAME)";
				STRING_CATALOG_GENERATE_SYMBOLS = NO;
				SWIFT_APPROACHABLE_CONCURRENCY = YES;
				SWIFT_EMIT_LOC_STRINGS = NO;
				SWIFT_UPCOMING_FEATURE_MEMBER_IMPORT_VISIBILITY = YES;
				SWIFT_VERSION = 5.0;
				TARGETED_DEVICE_FAMILY = "1,2";
				TEST_HOST = "$(BUILT_PRODUCTS_DIR)/Tempo.app/$(BUNDLE_EXECUTABLE_FOLDER_PATH)/Tempo";
			};
			name = Release;
		};
/* End XCBuildConfiguration section */

/* Begin XCConfigurationList section */
		E97DB0002FC8CA73008C2256 /* Build configuration list for PBXProject "Tempo" */ = {
			isa = XCConfigurationList;
			buildConfigurations = (
				E97DB0102FC8CA74008C2256 /* Debug */,
				E97DB0112FC8CA74008C2256 /* Release */,
			);
			defaultConfigurationIsVisible = 0;
			defaultConfigurationName = Release;
		};
		E97DB0122FC8CA74008C2256 /* Build configuration list for PBXNativeTarget "Tempo" */ = {
			isa = XCConfigurationList;
			buildConfigurations = (
				E97DB0132FC8CA74008C2256 /* Debug */,
				E97DB0142FC8CA74008C2256 /* Release */,
			);
			defaultConfigurationIsVisible = 0;
			defaultConfigurationName = Release;
		};
		E9B90F882FCA08FC003E44F1 /* Build configuration list for PBXNativeTarget "Tempo Watch App Watch App" */ = {
			isa = XCConfigurationList;
			buildConfigurations = (
				E9B90F862FCA08FC003E44F1 /* Debug */,
				E9B90F872FCA08FC003E44F1 /* Release */,
			);
			defaultConfigurationIsVisible = 0;
			defaultConfigurationName = Release;
		};
		E9B90FA52FCA0BBB003E44F1 /* Build configuration list for PBXNativeTarget "Tempo WidgetExtension" */ = {
			isa = XCConfigurationList;
			buildConfigurations = (
				E9B90FA62FCA0BBB003E44F1 /* Debug */,
				E9B90FA72FCA0BBB003E44F1 /* Release */,
			);
			defaultConfigurationIsVisible = 0;
			defaultConfigurationName = Release;
		};
		E9B9115D2FCF4139003E44F1 /* Build configuration list for PBXNativeTarget "TempoTests" */ = {
			isa = XCConfigurationList;
			buildConfigurations = (
				E9B9115B2FCF4139003E44F1 /* Debug */,
				E9B9115C2FCF4139003E44F1 /* Release */,
			);
			defaultConfigurationIsVisible = 0;
			defaultConfigurationName = Release;
		};
/* End XCConfigurationList section */

/* Begin XCLocalSwiftPackageReference section */
		E97DB0152FCA053F008C2256 /* XCLocalSwiftPackageReference "LifeTrackerCore" */ = {
			isa = XCLocalSwiftPackageReference;
			relativePath = LifeTrackerCore;
		};
/* End XCLocalSwiftPackageReference section */

/* Begin XCSwiftPackageProductDependency section */
		E97DB0162FCA053F008C2256 /* LifeTrackerCore */ = {
			isa = XCSwiftPackageProductDependency;
			productName = LifeTrackerCore;
		};
		E9C00A022FCB100A008C2256 /* LifeTrackerCore */ = {
			isa = XCSwiftPackageProductDependency;
			productName = LifeTrackerCore;
		};
		E9C00A042FCB100A008C2256 /* LifeTrackerCore */ = {
			isa = XCSwiftPackageProductDependency;
			productName = LifeTrackerCore;
		};
/* End XCSwiftPackageProductDependency section */
	};
	rootObject = E97DAFFD2FC8CA73008C2256 /* Project object */;
}
